
Microsoft Visual Studio Solution File, Format Version 12.00
# Visual Studio Version 17
VisualStudioVersion = 17.5.002.0
MinimumVisualStudioVersion = 10.0.40219.1
Project("{9A19103F-16F7-4668-BE54-9A1E7A4F7556}") = "RadensuasoTodo.Api", "RadensuasoTodo.Api\RadensuasoTodo.Api.csproj", "{A5DB5C34-581E-46FB-9CC2-3136E2E9B636}"
EndProject
Global
	GlobalSection(SolutionConfigurationPlatforms) = preSolution
		Debug|Any CPU = Debug|Any CPU
		Release|Any CPU = Release|Any CPU
	EndGlobalSection
	GlobalSection(ProjectConfigurationPlatforms) = postSolution
		{A5DB5C34-581E-46FB-9CC2-3136E2E9B636}.Debug|Any CPU.ActiveCfg = Debug|Any CPU
		{A5DB5C34-581E-46FB-9CC2-3136E2E9B636}.Debug|Any CPU.Build.0 = Debug|Any CPU
		{A5DB5C34-581E-46FB-9CC2-3136E2E9B636}.Release|Any CPU.ActiveCfg = Release|Any CPU
		{A5DB5C34-581E-46FB-9CC2-3136E2E9B636}.Release|Any CPU.Build.0 = Release|Any CPU
	EndGlobalSection
	GlobalSection(SolutionProperties) = preSolution
		HideSolutionNode = FALSE
	EndGlobalSection
	GlobalSection(ExtensibilityGlobals) = postSolution
		SolutionGuid = {5DEA74EB-BAEF-4973-9BEA-3C35D8BA4887}
	EndGlobalSection
EndGlobal
